
Microsoft Visual Studio Solution File, Format Version 12.00
# Visual Studio Version 16
VisualStudioVersion = 16.0.30309.148
MinimumVisualStudioVersion = 10.0.40219.1
Project("{FAE04EC0-301F-11D3-BF4B-00C04F79EFBC}") = "projeto-teste", "projeto-teste\projeto-teste.csproj", "{A4561B73-EBB5-479D-AE64-C7B5F9D31DE3}"
EndProject
Global
	GlobalSection(SolutionConfigurationPlatforms) = preSolution
		Debug|Any CPU = Debug|Any CPU
		Release|Any CPU = Release|Any CPU
	EndGlobalSection
	GlobalSection(ProjectConfigurationPlatforms) = postSolution
		{A4561B73-EBB5-479D-AE64-C7B5F9D31DE3}.Debug|Any CPU.ActiveCfg = Debug|Any CPU
		{A4561B73-EBB5-479D-AE64-C7B5F9D31DE3}.Debug|Any CPU.Build.0 = Debug|Any CPU
		{A4561B73-EBB5-479D-AE64-C7B5F9D31DE3}.Release|Any CPU.ActiveCfg = Release|Any CPU
		{A4561B73-EBB5-479D-AE64-C7B5F9D31DE3}.Release|Any CPU.Build.0 = Release|Any CPU
	EndGlobalSection
	GlobalSection(SolutionProperties) = preSolution
		HideSolutionNode = FALSE
	EndGlobalSection
	GlobalSection(ExtensibilityGlobals) = postSolution
		SolutionGuid = {F1536C43-07C0-40DD-ACDE-25F6489CD28F}
	EndGlobalSection
EndGlobal
